
Microsoft Visual Studio Solution File, Format Version 12.00
# Visual Studio 2017
Project("{FAE04EC0-301F-11D3-BF4B-00C04F79EFBC}") = "SolarRacer", "SolarRacer.csproj", "{F6AFD08E-5030-2228-9AB6-606108FD96B3}"
EndProject
Project("{FAE04EC0-301F-11D3-BF4B-00C04F79EFBC}") = "SolarRacer.Editor", "SolarRacer.Editor.csproj", "{057619CF-1D15-583D-2EDB-EB193CBC3029}"
EndProject
Global
	GlobalSection(SolutionConfigurationPlatforms) = preSolution
		Debug|Any CPU = Debug|Any CPU
		Release|Any CPU = Release|Any CPU
	EndGlobalSection
	GlobalSection(ProjectConfigurationPlatforms) = postSolution
		{F6AFD08E-5030-2228-9AB6-606108FD96B3}.Debug|Any CPU.ActiveCfg = Debug|Any CPU
		{F6AFD08E-5030-2228-9AB6-606108FD96B3}.Debug|Any CPU.Build.0 = Debug|Any CPU
		{F6AFD08E-5030-2228-9AB6-606108FD96B3}.Release|Any CPU.ActiveCfg = Release|Any CPU
		{F6AFD08E-5030-2228-9AB6-606108FD96B3}.Release|Any CPU.Build.0 = Release|Any CPU
		{057619CF-1D15-583D-2EDB-EB193CBC3029}.Debug|Any CPU.ActiveCfg = Debug|Any CPU
		{057619CF-1D15-583D-2EDB-EB193CBC3029}.Debug|Any CPU.Build.0 = Debug|Any CPU
		{057619CF-1D15-583D-2EDB-EB193CBC3029}.Release|Any CPU.ActiveCfg = Release|Any CPU
		{057619CF-1D15-583D-2EDB-EB193CBC3029}.Release|Any CPU.Build.0 = Release|Any CPU
	EndGlobalSection
	GlobalSection(SolutionProperties) = preSolution
		HideSolutionNode = FALSE
	EndGlobalSection
EndGlobal
